
Microsoft Visual Studio Solution File, Format Version 12.00
# Visual Studio 15
VisualStudioVersion = 15.0.27428.1
MinimumVisualStudioVersion = 10.0.40219.1
Project("{9A19103F-16F7-4668-BE54-9A1E7A4F7556}") = "CoreAPIWeb", "CoreAPIWeb\CoreAPIWeb.csproj", "{D96F9F5B-8FAB-4677-B03E-9F9CEB0105D6}"
EndProject
Project("{E53339B2-1760-4266-BCC7-CA923CBCF16C}") = "docker-compose", "docker-compose.dcproj", "{9E35992F-8CB3-4088-8D81-360B7B597894}"
EndProject
Global
	GlobalSection(SolutionConfigurationPlatforms) = preSolution
		Debug|Any CPU = Debug|Any CPU
		Release|Any CPU = Release|Any CPU
	EndGlobalSection
	GlobalSection(ProjectConfigurationPlatforms) = postSolution
		{D96F9F5B-8FAB-4677-B03E-9F9CEB0105D6}.Debug|Any CPU.ActiveCfg = Debug|Any CPU
		{D96F9F5B-8FAB-4677-B03E-9F9CEB0105D6}.Debug|Any CPU.Build.0 = Debug|Any CPU
		{D96F9F5B-8FAB-4677-B03E-9F9CEB0105D6}.Release|Any CPU.ActiveCfg = Release|Any CPU
		{D96F9F5B-8FAB-4677-B03E-9F9CEB0105D6}.Release|Any CPU.Build.0 = Release|Any CPU
		{9E35992F-8CB3-4088-8D81-360B7B597894}.Debug|Any CPU.ActiveCfg = Debug|Any CPU
		{9E35992F-8CB3-4088-8D81-360B7B597894}.Debug|Any CPU.Build.0 = Debug|Any CPU
		{9E35992F-8CB3-4088-8D81-360B7B597894}.Release|Any CPU.ActiveCfg = Release|Any CPU
		{9E35992F-8CB3-4088-8D81-360B7B597894}.Release|Any CPU.Build.0 = Release|Any CPU
	EndGlobalSection
	GlobalSection(SolutionProperties) = preSolution
		HideSolutionNode = FALSE
	EndGlobalSection
	GlobalSection(ExtensibilityGlobals) = postSolution
		SolutionGuid = {89DC851C-73C1-415C-8E61-F2B30AF3384C}
	EndGlobalSection
EndGlobal
